# THIS IS AN AUTOGENERATED FILE. DO NOT EDIT THIS FILE DIRECTLY.
# yarn lockfile v1


base64url@^3.0.1:
  version "3.0.1"
  resolved "https://registry.yarnpkg.com/base64url/-/base64url-3.0.1.tgz#6399d572e2bc3f90a9a8b22d5dbb0a32d33f788d"
  integrity sha512-ir1UPr3dkwexU7FdV8qBBbNDRUhMmIekYMFZfi+C/sLNnRESKPl23nB9b2pltqfOQNnGzsDdId90AEtG5tCx4A==

commander@~2.19.0:
  version "2.19.0"
  resolved "https://registry.yarnpkg.com/commander/-/commander-2.19.0.tgz#f6198aa84e5b83c46054b94ddedbfed5ee9ff12a"
  integrity sha512-6tvAOO+D6OENvRAh524Dh9jcfKTYDQAqvqezbCW82xj5X0pSrcpxtvRKHLG0yBY6SD7PSDrJaj+0AiOcKVd1Xg==

cross-fetch@^3.0.0:
  version "3.0.2"
  resolved "https://registry.yarnpkg.com/cross-fetch/-/cross-fetch-3.0.2.tgz#b7136491967031949c7f86b15903aef4fa3f1768"
  integrity sha512-a4Z0EJ5Nck6QtMy9ZqloLfpvu2uMV3sBfMCR+CgSBCZc6z5KR4bfEiD3dkepH8iZgJMXQpTqf8FjMmvu/GMFkg==
  dependencies:
    node-fetch "2.3.0"
    whatwg-fetch "3.0.0"

handlebars@^4.1.1:
  version "4.1.1"
  resolved "https://registry.yarnpkg.com/handlebars/-/handlebars-4.1.1.tgz#6e4e41c18ebe7719ae4d38e5aca3d32fa3dd23d3"
  integrity sha512-3Zhi6C0euYZL5sM0Zcy7lInLXKQ+YLcF/olbN010mzGQ4XVm50JeyBnMqofHh696GrciGruC7kCcApPDJvVgwA==
  dependencies:
    neo-async "^2.6.0"
    optimist "^0.6.1"
    source-map "^0.6.1"
  optionalDependencies:
    uglify-js "^3.1.4"

minimist@~0.0.1:
  version "0.0.10"
  resolved "https://registry.yarnpkg.com/minimist/-/minimist-0.0.10.tgz#de3f98543dbf96082be48ad1a0c7cda836301dcf"
  integrity sha1-3j+YVD2/lggr5IrRoMfNqDYwHc8=

neo-async@^2.6.0:
  version "2.6.0"
  resolved "https://registry.yarnpkg.com/neo-async/-/neo-async-2.6.0.tgz#b9d15e4d71c6762908654b5183ed38b753340835"
  integrity sha512-MFh0d/Wa7vkKO3Y3LlacqAEeHK0mckVqzDieUKTT+KGxi+zIpeVsFxymkIiRpbpDziHc290Xr9A1O4Om7otoRA==

node-fetch@2.3.0, node-fetch@^2.3.0:
  version "2.3.0"
  resolved "https://registry.yarnpkg.com/node-fetch/-/node-fetch-2.3.0.tgz#1a1d940bbfb916a1d3e0219f037e89e71f8c5fa5"
  integrity sha512-MOd8pV3fxENbryESLgVIeaGKrdl+uaYhCSSVkjeOb/31/njTpcis5aWfdqgNlHIrKOLRbMnfPINPOML2CIFeXA==

oauth-1.0a@^2.2.4:
  version "2.2.5"
  resolved "https://registry.yarnpkg.com/oauth-1.0a/-/oauth-1.0a-2.2.5.tgz#943ee55a5c0db5c21143ec27e2f56c6d0e2a5e54"
  integrity sha512-7Y4Gs+2dPOjrlJDzEPdpuH46gzgYeVF7CKOOQNpWKz1nlbWn2rqKSt3oF0By6KxudbOQATEUY74SphuTN0grPg==

optimist@^0.6.1:
  version "0.6.1"
  resolved "https://registry.yarnpkg.com/optimist/-/optimist-0.6.1.tgz#da3ea74686fa21a19a111c326e90eb15a0196686"
  integrity sha1-2j6nRob6IaGaERwybpDrFaAZZoY=
  dependencies:
    minimist "~0.0.1"
    wordwrap "~0.0.2"

source-map@^0.6.1, source-map@~0.6.1:
  version "0.6.1"
  resolved "https://registry.yarnpkg.com/source-map/-/source-map-0.6.1.tgz#74722af32e9614e9c287a8d0bbde48b5e2f1a263"
  integrity sha512-UjgapumWlbMhkBgzT7Ykc5YXUT46F0iKu8SGXq0bcwP5dz/h0Plj6enJqjz1Zbq2l5WaqYnrVbwWOWMyF3F47g==

twitter-lite@^0.9.4:
  version "0.9.4"
  resolved "https://registry.yarnpkg.com/twitter-lite/-/twitter-lite-0.9.4.tgz#c19123d43519ccb87cc6617167a4f19ada9719a2"
  integrity sha512-PpElcyKOk+0/8+6dBRqTKIICfTCZe6PyqJvbKI3OfPJzCO3luY+Q6MVyqoFnNxY+xnMgoA1E8PSEoyAmVNaXDA==
  dependencies:
    cross-fetch "^3.0.0"
    oauth-1.0a "^2.2.4"

uglify-js@^3.1.4:
  version "3.5.3"
  resolved "https://registry.yarnpkg.com/uglify-js/-/uglify-js-3.5.3.tgz#d490bb5347f23025f0c1bc0dee901d98e4d6b063"
  integrity sha512-rIQPT2UMDnk4jRX+w4WO84/pebU2jiLsjgIyrCktYgSvx28enOE3iYQMr+BD1rHiitWnDmpu0cY/LfIEpKcjcw==
  dependencies:
    commander "~2.19.0"
    source-map "~0.6.1"

whatwg-fetch@3.0.0:
  version "3.0.0"
  resolved "https://registry.yarnpkg.com/whatwg-fetch/-/whatwg-fetch-3.0.0.tgz#fc804e458cc460009b1a2b966bc8817d2578aefb"
  integrity sha512-9GSJUgz1D4MfyKU7KRqwOjXCXTqWdFNvEr7eUBYchQiVc744mqK/MzXPNR2WsPkmkOa4ywfg8C2n8h+13Bey1Q==

wordwrap@~0.0.2:
  version "0.0.3"
  resolved "https://registry.yarnpkg.com/wordwrap/-/wordwrap-0.0.3.tgz#a3d5da6cd5c0bc0008d37234bbaf1bed63059107"
  integrity sha1-o9XabNXAvAAI03I0u68b7WMFkQc=
